
Microsoft Visual Studio Solution File, Format Version 12.00
# Visual Studio Version 17
VisualStudioVersion = 17.5.002.0
MinimumVisualStudioVersion = 10.0.40219.1
Project("{9A19103F-16F7-4668-BE54-9A1E7A4F7556}") = "SortStrings", "SortStrings.csproj", "{332EBE39-E210-4E33-A4BF-5074001C84A8}"
EndProject
Global
	GlobalSection(SolutionConfigurationPlatforms) = preSolution
		Debug|Any CPU = Debug|Any CPU
		Release|Any CPU = Release|Any CPU
	EndGlobalSection
	GlobalSection(ProjectConfigurationPlatforms) = postSolution
		{332EBE39-E210-4E33-A4BF-5074001C84A8}.Debug|Any CPU.ActiveCfg = Debug|Any CPU
		{332EBE39-E210-4E33-A4BF-5074001C84A8}.Debug|Any CPU.Build.0 = Debug|Any CPU
		{332EBE39-E210-4E33-A4BF-5074001C84A8}.Release|Any CPU.ActiveCfg = Release|Any CPU
		{332EBE39-E210-4E33-A4BF-5074001C84A8}.Release|Any CPU.Build.0 = Release|Any CPU
	EndGlobalSection
	GlobalSection(SolutionProperties) = preSolution
		HideSolutionNode = FALSE
	EndGlobalSection
	GlobalSection(ExtensibilityGlobals) = postSolution
		SolutionGuid = {B2C3F453-3DBB-4802-B81C-E2E868CE9D9F}
	EndGlobalSection
EndGlobal
